// !$*UTF8*$!
{
	archiveVersion = 1;
	classes = {
	};
	objectVersion = 46;
	objects = {

/* Begin PBXBuildFile section */
		C715798D1DF405A800794E50 /* AppDelegate.swift in Sources */ = {isa = PBXBuildFile; fileRef = C715798C1DF405A800794E50 /* AppDelegate.swift */; };
		C715798F1DF405A800794E50 /* ViewController.swift in Sources */ = {isa = PBXBuildFile; fileRef = C715798E1DF405A800794E50 /* ViewController.swift */; };
		C71579921DF405A800794E50 /* Main.storyboard in Resources */ = {isa = PBXBuildFile; fileRef = C71579901DF405A800794E50 /* Main.storyboard */; };
		C71579941DF405A800794E50 /* Assets.xcassets in Resources */ = {isa = PBXBuildFile; fileRef = C71579931DF405A800794E50 /* Assets.xcassets */; };
		C71579971DF405A800794E50 /* LaunchScreen.storyboard in Resources */ = {isa = PBXBuildFile; fileRef = C71579951DF405A800794E50 /* LaunchScreen.storyboard */; };
		C71579A01DF4065800794E50 /* MyAlertViewController.swift in Sources */ = {isa = PBXBuildFile; fileRef = C715799E1DF4065800794E50 /* MyAlertViewController.swift */; };
		C71579A21DF41D8A00794E50 /* MyAlertViewController.xib in Resources */ = {isa = PBXBuildFile; fileRef = C71579A41DF41D8A00794E50 /* MyAlertViewController.xib */; };
/* End PBXBuildFile section */

/* Begin PBXFileReference section */
		C71579891DF405A800794E50 /* AlertViewSample.app */ = {isa = PBXFileReference; explicitFileType = wrapper.application; includeInIndex = 0; path = AlertViewSample.app; sourceTree = BUILT_PRODUCTS_DIR; };
		C715798C1DF405A800794E50 /* AppDelegate.swift */ = {isa = PBXFileReference; lastKnownFileType = sourcecode.swift; path = AppDelegate.swift; sourceTree = "<group>"; };
		C715798E1DF405A800794E50 /* ViewController.swift */ = {isa = PBXFileReference; lastKnownFileType = sourcecode.swift; path = ViewController.swift; sourceTree = "<group>"; };
		C71579911DF405A800794E50 /* Base */ = {isa = PBXFileReference; lastKnownFileType = file.storyboard; name = Base; path = Base.lproj/Main.storyboard; sourceTree = "<group>"; };
		C71579931DF405A800794E50 /* Assets.xcassets */ = {isa = PBXFileReference; lastKnownFileType = folder.assetcatalog; path = Assets.xcassets; sourceTree = "<group>"; };
		C71579961DF405A800794E50 /* Base */ = {isa = PBXFileReference; lastKnownFileType = file.storyboard; name = Base; path = Base.lproj/LaunchScreen.storyboard; sourceTree = "<group>"; };
		C71579981DF405A800794E50 /* Info.plist */ = {isa = PBXFileReference; lastKnownFileType = text.plist.xml; path = Info.plist; sourceTree = "<group>"; };
		C715799E1DF4065800794E50 /* MyAlertViewController.swift */ = {isa = PBXFileReference; fileEncoding = 4; lastKnownFileType = sourcecode.swift; path = MyAlertViewController.swift; sourceTree = "<group>"; };
		C71579A31DF41D8A00794E50 /* Base */ = {isa = PBXFileReference; lastKnownFileType = file.xib; name = Base; path = Base.lproj/MyAlertViewController.xib; sourceTree = "<group>"; };
		C71579A61DF42C2A00794E50 /* QuartzCore.framework */ = {isa = PBXFileReference; lastKnownFileType = wrapper.framework; name = QuartzCore.framework; path = System/Library/Frameworks/QuartzCore.framework; sourceTree = SDKROOT; };
/* End PBXFileReference section */

/* Begin PBXFrameworksBuildPhase section */
		C71579861DF405A800794E50 /* Frameworks */ = {
			isa = PBXFrameworksBuildPhase;
			buildActionMask = 2147483647;
			files = (
			);
			runOnlyForDeploymentPostprocessing = 0;
		};
/* End PBXFrameworksBuildPhase section */

/* Begin PBXGroup section */
		C71579801DF405A800794E50 = {
			isa = PBXGroup;
			children = (
				C715798B1DF405A800794E50 /* AlertViewSample */,
				C715798A1DF405A800794E50 /* Products */,
				C71579A51DF42C2A00794E50 /* Frameworks */,
			);
			sourceTree = "<group>";
		};
		C715798A1DF405A800794E50 /* Products */ = {
			isa = PBXGroup;
			children = (
				C71579891DF405A800794E50 /* AlertViewSample.app */,
			);
			name = Products;
			sourceTree = "<group>";
		};
		C715798B1DF405A800794E50 /* AlertViewSample */ = {
			isa = PBXGroup;
			children = (
				C715798C1DF405A800794E50 /* AppDelegate.swift */,
				C715798E1DF405A800794E50 /* ViewController.swift */,
				C71579901DF405A800794E50 /* Main.storyboard */,
				C71579931DF405A800794E50 /* Assets.xcassets */,
				C71579951DF405A800794E50 /* LaunchScreen.storyboard */,
				C71579981DF405A800794E50 /* Info.plist */,
				C715799E1DF4065800794E50 /* MyAlertViewController.swift */,
				C71579A41DF41D8A00794E50 /* MyAlertViewController.xib */,
			);
			path = AlertViewSample;
			sourceTree = "<group>";
		};
		C71579A51DF42C2A00794E50 /* Frameworks */ = {
			isa = PBXGroup;
			children = (
				C71579A61DF42C2A00794E50 /* QuartzCore.framework */,
			);
			name = Frameworks;
			sourceTree = "<group>";
		};
/* End PBXGroup section */

/* Begin PBXNativeTarget section */
		C71579881DF405A800794E50 /* AlertViewSample */ = {
			isa = PBXNativeTarget;
			buildConfigurationList = C715799B1DF405A800794E50 /* Build configuration list for PBXNativeTarget "AlertViewSample" */;
			buildPhases = (
				C71579851DF405A800794E50 /* Sources */,
				C71579861DF405A800794E50 /* Frameworks */,
				C71579871DF405A800794E50 /* Resources */,
			);
			buildRules = (
			);
			dependencies = (
			);
			name = AlertViewSample;
			productName = AlertViewSample;
			productReference = C71579891DF405A800794E50 /* AlertViewSample.app */;
			productType = "com.apple.product-type.application";
		};
/* End PBXNativeTarget section */

/* Begin PBXProject section */
		C71579811DF405A800794E50 /* Project object */ = {
			isa = PBXProject;
			attributes = {
				LastSwiftUpdateCheck = 0810;
				LastUpgradeCheck = 0810;
				ORGANIZATIONNAME = "Interrupt LLC.";
				TargetAttributes = {
					C71579881DF405A800794E50 = {
						CreatedOnToolsVersion = 8.1;
						DevelopmentTeam = 8887UKUC9P;
						ProvisioningStyle = Automatic;
					};
				};
			};
			buildConfigurationList = C71579841DF405A800794E50 /* Build configuration list for PBXProject "AlertViewSample" */;
			compatibilityVersion = "Xcode 3.2";
			developmentRegion = English;
			hasScannedForEncodings = 0;
			knownRegions = (
				en,
				Base,
			);
			mainGroup = C71579801DF405A800794E50;
			productRefGroup = C715798A1DF405A800794E50 /* Products */;
			projectDirPath = "";
			projectRoot = "";
			targets = (
				C71579881DF405A800794E50 /* AlertViewSample */,
			);
		};
/* End PBXProject section */

/* Begin PBXResourcesBuildPhase section */
		C71579871DF405A800794E50 /* Resources */ = {
			isa = PBXResourcesBuildPhase;
			buildActionMask = 2147483647;
			files = (
				C71579971DF405A800794E50 /* LaunchScreen.storyboard in Resources */,
				C71579941DF405A800794E50 /* Assets.xcassets in Resources */,
				C71579A21DF41D8A00794E50 /* MyAlertViewController.xib in Resources */,
				C71579921DF405A800794E50 /* Main.storyboard in Resources */,
			);
			runOnlyForDeploymentPostprocessing = 0;
		};
/* End PBXResourcesBuildPhase section */

/* Begin PBXSourcesBuildPhase section */
		C71579851DF405A800794E50 /* Sources */ = {
			isa = PBXSourcesBuildPhase;
			buildActionMask = 2147483647;
			files = (
				C71579A01DF4065800794E50 /* MyAlertViewController.swift in Sources */,
				C715798F1DF405A800794E50 /* ViewController.swift in Sources */,
				C715798D1DF405A800794E50 /* AppDelegate.swift in Sources */,
			);
			runOnlyForDeploymentPostprocessing = 0;
		};
/* End PBXSourcesBuildPhase section */

/* Begin PBXVariantGroup section */
		C71579901DF405A800794E50 /* Main.storyboard */ = {
			isa = PBXVariantGroup;
			children = (
				C71579911DF405A800794E50 /* Base */,
			);
			name = Main.storyboard;
			sourceTree = "<group>";
		};
		C71579951DF405A800794E50 /* LaunchScreen.storyboard */ = {
			isa = PBXVariantGroup;
			children = (
				C71579961DF405A800794E50 /* Base */,
			);
			name = LaunchScreen.storyboard;
			sourceTree = "<group>";
		};
		C71579A41DF41D8A00794E50 /* MyAlertViewController.xib */ = {
			isa = PBXVariantGroup;
			children = (
				C71579A31DF41D8A00794E50 /* Base */,
			);
			name = MyAlertViewController.xib;
			sourceTree = "<group>";
		};
/* End PBXVariantGroup section */

/* Begin XCBuildConfiguration section */
		C71579991DF405A800794E50 /* Debug */ = {
			isa = XCBuildConfiguration;
			buildSettings = {
				ALWAYS_SEARCH_USER_PATHS = NO;
				CLANG_ANALYZER_NONNULL = YES;
				CLANG_CXX_LANGUAGE_STANDARD = "gnu++0x";
				CLANG_CXX_LIBRARY = "libc++";
				CLANG_ENABLE_MODULES = YES;
				CLANG_ENABLE_OBJC_ARC = YES;
				CLANG_WARN_BOOL_CONVERSION = YES;
				CLANG_WARN_CONSTANT_CONVERSION = YES;
				CLANG_WARN_DIRECT_OBJC_ISA_USAGE = YES_ERROR;
				CLANG_WARN_DOCUMENTATION_COMMENTS = YES;
				CLANG_WARN_EMPTY_BODY = YES;
				CLANG_WARN_ENUM_CONVERSION = YES;
				CLANG_WARN_INFINITE_RECURSION = YES;
				CLANG_WARN_INT_CONVERSION = YES;
				CLANG_WARN_OBJC_ROOT_CLASS = YES_ERROR;
				CLANG_WARN_SUSPICIOUS_MOVES = YES;
				CLANG_WARN_UNREACHABLE_CODE = YES;
				CLANG_WARN__DUPLICATE_METHOD_MATCH = YES;
				"CODE_SIGN_IDENTITY[sdk=iphoneos*]" = "iPhone Developer";
				COPY_PHASE_STRIP = NO;
				DEBUG_INFORMATION_FORMAT = dwarf;
				ENABLE_STRICT_OBJC_MSGSEND = YES;
				ENABLE_TESTABILITY = YES;
				GCC_C_LANGUAGE_STANDARD = gnu99;
				GCC_DYNAMIC_NO_PIC = NO;
				GCC_NO_COMMON_BLOCKS = YES;
				GCC_OPTIMIZATION_LEVEL = 0;
				GCC_PREPROCESSOR_DEFINITIONS = (
					"DEBUG=1",
					"$(inherited)",
				);
				GCC_WARN_64_TO_32_BIT_CONVERSION = YES;
				GCC_WARN_ABOUT_RETURN_TYPE = YES_ERROR;
				GCC_WARN_UNDECLARED_SELECTOR = YES;
				GCC_WARN_UNINITIALIZED_AUTOS = YES_AGGRESSIVE;
				GCC_WARN_UNUSED_FUNCTION = YES;
				GCC_WARN_UNUSED_VARIABLE = YES;
				IPHONEOS_DEPLOYMENT_TARGET = 10.1;
				MTL_ENABLE_DEBUG_INFO = YES;
				ONLY_ACTIVE_ARCH = YES;
				SDKROOT = iphoneos;
				SWIFT_ACTIVE_COMPILATION_CONDITIONS = DEBUG;
				SWIFT_OPTIMIZATION_LEVEL = "-Onone";
				TARGETED_DEVICE_FAMILY = "1,2";
			};
			name = Debug;
		};
		C715799A1DF405A800794E50 /* Release */ = {
			isa = XCBuildConfiguration;
			buildSettings = {
				ALWAYS_SEARCH_USER_PATHS = NO;
				CLANG_ANALYZER_NONNULL = YES;
				CLANG_CXX_LANGUAGE_STANDARD = "gnu++0x";
				CLANG_CXX_LIBRARY = "libc++";
				CLANG_ENABLE_MODULES = YES;
				CLANG_ENABLE_OBJC_ARC = YES;
				CLANG_WARN_BOOL_CONVERSION = YES;
				CLANG_WARN_CONSTANT_CONVERSION = YES;
				CLANG_WARN_DIRECT_OBJC_ISA_USAGE = YES_ERROR;
				CLANG_WARN_DOCUMENTATION_COMMENTS = YES;
				CLANG_WARN_EMPTY_BODY = YES;
				CLANG_WARN_ENUM_CONVERSION = YES;
				CLANG_WARN_INFINITE_RECURSION = YES;
				CLANG_WARN_INT_CONVERSION = YES;
				CLANG_WARN_OBJC_ROOT_CLASS = YES_ERROR;
				CLANG_WARN_SUSPICIOUS_MOVES = YES;
				CLANG_WARN_UNREACHABLE_CODE = YES;
				CLANG_WARN__DUPLICATE_METHOD_MATCH = YES;
				"CODE_SIGN_IDENTITY[sdk=iphoneos*]" = "iPhone Developer";
				COPY_PHASE_STRIP = NO;
				DEBUG_INFORMATION_FORMAT = "dwarf-with-dsym";
				ENABLE_NS_ASSERTIONS = NO;
				ENABLE_STRICT_OBJC_MSGSEND = YES;
				GCC_C_LANGUAGE_STANDARD = gnu99;
				GCC_NO_COMMON_BLOCKS = YES;
				GCC_WARN_64_TO_32_BIT_CONVERSION = YES;
				GCC_WARN_ABOUT_RETURN_TYPE = YES_ERROR;
				GCC_WARN_UNDECLARED_SELECTOR = YES;
				GCC_WARN_UNINITIALIZED_AUTOS = YES_AGGRESSIVE;
				GCC_WARN_UNUSED_FUNCTION = YES;
				GCC_WARN_UNUSED_VARIABLE = YES;
				IPHONEOS_DEPLOYMENT_TARGET = 10.1;
				MTL_ENABLE_DEBUG_INFO = NO;
				SDKROOT = iphoneos;
				SWIFT_OPTIMIZATION_LEVEL = "-Owholemodule";
				TARGETED_DEVICE_FAMILY = "1,2";
				VALIDATE_PRODUCT = YES;
			};
			name = Release;
		};
		C715799C1DF405A800794E50 /* Debug */ = {
			isa = XCBuildConfiguration;
			buildSettings = {
				ASSETCATALOG_COMPILER_APPICON_NAME = AppIcon;
				DEVELOPMENT_TEAM = 8887UKUC9P;
				INFOPLIST_FILE = AlertViewSample/Info.plist;
				LD_RUNPATH_SEARCH_PATHS = "$(inherited) @executable_path/Frameworks";
				PRODUCT_BUNDLE_IDENTIFIER = jp.co.interrupt.alertsample.AlertViewSample;
				PRODUCT_NAME = "$(TARGET_NAME)";
				SWIFT_VERSION = 3.0;
			};
			name = Debug;
		};
		C715799D1DF405A800794E50 /* Release */ = {
			isa = XCBuildConfiguration;
			buildSettings = {
				ASSETCATALOG_COMPILER_APPICON_NAME = AppIcon;
				DEVELOPMENT_TEAM = 8887UKUC9P;
				INFOPLIST_FILE = AlertViewSample/Info.plist;
				LD_RUNPATH_SEARCH_PATHS = "$(inherited) @executable_path/Frameworks";
				PRODUCT_BUNDLE_IDENTIFIER = jp.co.interrupt.alertsample.AlertViewSample;
				PRODUCT_NAME = "$(TARGET_NAME)";
				SWIFT_VERSION = 3.0;
			};
			name = Release;
		};
/* End XCBuildConfiguration section */

/* Begin XCConfigurationList section */
		C71579841DF405A800794E50 /* Build configuration list for PBXProject "AlertViewSample" */ = {
			isa = XCConfigurationList;
			buildConfigurations = (
				C71579991DF405A800794E50 /* Debug */,
				C715799A1DF405A800794E50 /* Release */,
			);
			defaultConfigurationIsVisible = 0;
			defaultConfigurationName = Release;
		};
		C715799B1DF405A800794E50 /* Build configuration list for PBXNativeTarget "AlertViewSample" */ = {
			isa = XCConfigurationList;
			buildConfigurations = (
				C715799C1DF405A800794E50 /* Debug */,
				C715799D1DF405A800794E50 /* Release */,
			);
			defaultConfigurationIsVisible = 0;
		};
/* End XCConfigurationList section */
	};
	rootObject = C71579811DF405A800794E50 /* Project object */;
}
